
Microsoft Visual Studio Solution File, Format Version 12.00
# Visual Studio Version 17
VisualStudioVersion = 17.3.32929.385
MinimumVisualStudioVersion = 10.0.40219.1
Project("{FAE04EC0-301F-11D3-BF4B-00C04F79EFBC}") = "ConsoleApp12", "ConsoleApp12.csproj", "{6A460A1E-E8D9-48CC-9687-5B7288485482}"
EndProject
Global
	GlobalSection(SolutionConfigurationPlatforms) = preSolution
		Debug|Any CPU = Debug|Any CPU
		Release|Any CPU = Release|Any CPU
	EndGlobalSection
	GlobalSection(ProjectConfigurationPlatforms) = postSolution
		{6A460A1E-E8D9-48CC-9687-5B7288485482}.Debug|Any CPU.ActiveCfg = Debug|Any CPU
		{6A460A1E-E8D9-48CC-9687-5B7288485482}.Debug|Any CPU.Build.0 = Debug|Any CPU
		{6A460A1E-E8D9-48CC-9687-5B7288485482}.Release|Any CPU.ActiveCfg = Release|Any CPU
		{6A460A1E-E8D9-48CC-9687-5B7288485482}.Release|Any CPU.Build.0 = Release|Any CPU
	EndGlobalSection
	GlobalSection(SolutionProperties) = preSolution
		HideSolutionNode = FALSE
	EndGlobalSection
	GlobalSection(ExtensibilityGlobals) = postSolution
		SolutionGuid = {D7AA6C75-89DF-4698-9ADB-F7D96B8C35B1}
	EndGlobalSection
EndGlobal
